
Microsoft Visual Studio Solution File, Format Version 11.00
# Visual Studio 2010
Project("{FAE04EC0-301F-11D3-BF4B-00C04F79EFBC}") = "Assembly-CSharp", "Assembly-CSharp.csproj", "{66F44DFE-F711-9D81-DE52-C45C38CB1B82}"
EndProject
Project("{FAE04EC0-301F-11D3-BF4B-00C04F79EFBC}") = "Assembly-CSharp-Editor", "Assembly-CSharp-Editor.csproj", "{6D76F582-0F50-71A7-20FE-74FC3D05990F}"
EndProject
Global
	GlobalSection(SolutionConfigurationPlatforms) = preSolution
		Debug|Any CPU = Debug|Any CPU
		Release|Any CPU = Release|Any CPU
	EndGlobalSection
	GlobalSection(ProjectConfigurationPlatforms) = postSolution
		{66F44DFE-F711-9D81-DE52-C45C38CB1B82}.Debug|Any CPU.ActiveCfg = Debug|Any CPU
		{66F44DFE-F711-9D81-DE52-C45C38CB1B82}.Debug|Any CPU.Build.0 = Debug|Any CPU
		{66F44DFE-F711-9D81-DE52-C45C38CB1B82}.Release|Any CPU.ActiveCfg = Release|Any CPU
		{66F44DFE-F711-9D81-DE52-C45C38CB1B82}.Release|Any CPU.Build.0 = Release|Any CPU
		{6D76F582-0F50-71A7-20FE-74FC3D05990F}.Debug|Any CPU.ActiveCfg = Debug|Any CPU
		{6D76F582-0F50-71A7-20FE-74FC3D05990F}.Debug|Any CPU.Build.0 = Debug|Any CPU
		{6D76F582-0F50-71A7-20FE-74FC3D05990F}.Release|Any CPU.ActiveCfg = Release|Any CPU
		{6D76F582-0F50-71A7-20FE-74FC3D05990F}.Release|Any CPU.Build.0 = Release|Any CPU
	EndGlobalSection
	GlobalSection(SolutionProperties) = preSolution
		HideSolutionNode = FALSE
	EndGlobalSection
	GlobalSection(MonoDevelopProperties) = preSolution
		StartupItem = Assembly-CSharp.csproj
	EndGlobalSection
EndGlobal
